// !$*UTF8*$!
{
	archiveVersion = 1;
	classes = {
	};
	objectVersion = 46;
	objects = {

/* Begin PBXBuildFile section */
		3E1E44E71AFB0BD8006DB63E /* main.m in Sources */ = {isa = PBXBuildFile; fileRef = 3E1E44E61AFB0BD8006DB63E /* main.m */; };
		3E1E44EA1AFB0BD8006DB63E /* AppDelegate.m in Sources */ = {isa = PBXBuildFile; fileRef = 3E1E44E91AFB0BD8006DB63E /* AppDelegate.m */; };
		3E1E44ED1AFB0BD8006DB63E /* ViewController.m in Sources */ = {isa = PBXBuildFile; fileRef = 3E1E44EC1AFB0BD8006DB63E /* ViewController.m */; };
		3E1E44F01AFB0BD8006DB63E /* Main.storyboard in Resources */ = {isa = PBXBuildFile; fileRef = 3E1E44EE1AFB0BD8006DB63E /* Main.storyboard */; };
		3E1E44F21AFB0BD8006DB63E /* Images.xcassets in Resources */ = {isa = PBXBuildFile; fileRef = 3E1E44F11AFB0BD8006DB63E /* Images.xcassets */; };
		3E1E44F51AFB0BD8006DB63E /* LaunchScreen.xib in Resources */ = {isa = PBXBuildFile; fileRef = 3E1E44F31AFB0BD8006DB63E /* LaunchScreen.xib */; };
		3E1E45011AFB0BD8006DB63E /* SGClientForiPhoneTests.m in Sources */ = {isa = PBXBuildFile; fileRef = 3E1E45001AFB0BD8006DB63E /* SGClientForiPhoneTests.m */; };
		3E1E45101AFB0C65006DB63E /* SGBaseViewController.m in Sources */ = {isa = PBXBuildFile; fileRef = 3E1E450F1AFB0C65006DB63E /* SGBaseViewController.m */; };
		3E1E45191AFB0D21006DB63E /* SGBaseDrawViewController.m in Sources */ = {isa = PBXBuildFile; fileRef = 3E1E45181AFB0D21006DB63E /* SGBaseDrawViewController.m */; };
		3E1E451C1AFB0D3D006DB63E /* SGCubicleViewController.m in Sources */ = {isa = PBXBuildFile; fileRef = 3E1E451B1AFB0D3D006DB63E /* SGCubicleViewController.m */; };
		3E1E451F1AFB0D54006DB63E /* SGScanViewController.m in Sources */ = {isa = PBXBuildFile; fileRef = 3E1E451E1AFB0D54006DB63E /* SGScanViewController.m */; };
		3E1E45221AFB0D5E006DB63E /* SGSettingViewController.m in Sources */ = {isa = PBXBuildFile; fileRef = 3E1E45211AFB0D5E006DB63E /* SGSettingViewController.m */; };
		3E1E452A1AFB0F47006DB63E /* NSString+Category.m in Sources */ = {isa = PBXBuildFile; fileRef = 3E1E45271AFB0F47006DB63E /* NSString+Category.m */; };
		3E1E452B1AFB0F47006DB63E /* UIImage+Category.m in Sources */ = {isa = PBXBuildFile; fileRef = 3E1E45291AFB0F47006DB63E /* UIImage+Category.m */; };
		3E1E452F1AFB0FD8006DB63E /* Lantinghei_0.ttf in Resources */ = {isa = PBXBuildFile; fileRef = 3E1E452E1AFB0FD8006DB63E /* Lantinghei_0.ttf */; };
		3E3F0A2A1B086C8700BF1EB9 /* SGRoomCell.m in Sources */ = {isa = PBXBuildFile; fileRef = 3E3F0A241B086C8700BF1EB9 /* SGRoomCell.m */; };
		3E3F0A2B1B086C8700BF1EB9 /* SGRoomCell.xib in Resources */ = {isa = PBXBuildFile; fileRef = 3E3F0A251B086C8700BF1EB9 /* SGRoomCell.xib */; };
		3E3F0A381B08800100BF1EB9 /* ALView+PureLayout.m in Sources */ = {isa = PBXBuildFile; fileRef = 3E3F0A301B08800100BF1EB9 /* ALView+PureLayout.m */; };
		3E3F0A391B08800100BF1EB9 /* NSArray+PureLayout.m in Sources */ = {isa = PBXBuildFile; fileRef = 3E3F0A321B08800100BF1EB9 /* NSArray+PureLayout.m */; };
		3E3F0A3A1B08800100BF1EB9 /* NSLayoutConstraint+PureLayout.m in Sources */ = {isa = PBXBuildFile; fileRef = 3E3F0A341B08800100BF1EB9 /* NSLayoutConstraint+PureLayout.m */; };
		3E3F0A401B08915800BF1EB9 /* SGSectionHeaderView.m in Sources */ = {isa = PBXBuildFile; fileRef = 3E3F0A3E1B08915800BF1EB9 /* SGSectionHeaderView.m */; };
		3E3F0A411B08915800BF1EB9 /* SGSectionHeaderView.xib in Resources */ = {isa = PBXBuildFile; fileRef = 3E3F0A3F1B08915800BF1EB9 /* SGSectionHeaderView.xib */; };
		3E3F0A441B08934900BF1EB9 /* SGCableViewController.m in Sources */ = {isa = PBXBuildFile; fileRef = 3E3F0A431B08934900BF1EB9 /* SGCableViewController.m */; };
		3E3F0A4A1B08961B00BF1EB9 /* NJKScrollFullScreen.m in Sources */ = {isa = PBXBuildFile; fileRef = 3E3F0A471B08961B00BF1EB9 /* NJKScrollFullScreen.m */; };
		3E3F0A4B1B08961B00BF1EB9 /* UIViewController+NJKFullScreenSupport.m in Sources */ = {isa = PBXBuildFile; fileRef = 3E3F0A491B08961B00BF1EB9 /* UIViewController+NJKFullScreenSupport.m */; };
		3E3F0A4E1B08BA7700BF1EB9 /* SGGenerateCubicleSvg.m in Sources */ = {isa = PBXBuildFile; fileRef = 3E3F0A4D1B08BA7700BF1EB9 /* SGGenerateCubicleSvg.m */; };
		3E3F0A511B08BA8200BF1EB9 /* SGCablePageBussiness.m in Sources */ = {isa = PBXBuildFile; fileRef = 3E3F0A501B08BA8200BF1EB9 /* SGCablePageBussiness.m */; };
		3E3F0A541B08BA9C00BF1EB9 /* SGFiberPageBussiness.m in Sources */ = {isa = PBXBuildFile; fileRef = 3E3F0A531B08BA9C00BF1EB9 /* SGFiberPageBussiness.m */; };
		3E3F0A571B08C3AA00BF1EB9 /* SGFiberViewController.m in Sources */ = {isa = PBXBuildFile; fileRef = 3E3F0A561B08C3AA00BF1EB9 /* SGFiberViewController.m */; };
		3E42C4D21B1F3FCF00B340A8 /* 郁桥变标签.sqlite in Resources */ = {isa = PBXBuildFile; fileRef = 3E42C4D11B1F3FCF00B340A8 /* 郁桥变标签.sqlite */; };
		3E7774C21B09E47300ED6FE9 /* SGPortViewController.m in Sources */ = {isa = PBXBuildFile; fileRef = 3E7774C11B09E47300ED6FE9 /* SGPortViewController.m */; };
		3EA2C13D1B0B600200A2B191 /* SGScanContainerViewController.m in Sources */ = {isa = PBXBuildFile; fileRef = 3EA2C13C1B0B600200A2B191 /* SGScanContainerViewController.m */; };
		3EA2C1401B0B7D7000A2B191 /* SGScanBussiness.m in Sources */ = {isa = PBXBuildFile; fileRef = 3EA2C13F1B0B7D7000A2B191 /* SGScanBussiness.m */; };
		3EB3A4D01B0A19EC002EB7FA /* SGPortPageBussiness.m in Sources */ = {isa = PBXBuildFile; fileRef = 3EB3A4CD1B0A19EC002EB7FA /* SGPortPageBussiness.m */; };
		3EB3A4D11B0A19EC002EB7FA /* SGPortPageDataModel.m in Sources */ = {isa = PBXBuildFile; fileRef = 3EB3A4CF1B0A19EC002EB7FA /* SGPortPageDataModel.m */; };
		3EB3A4D41B0A1A27002EB7FA /* SGSelectViewController.m in Sources */ = {isa = PBXBuildFile; fileRef = 3EB3A4D31B0A1A27002EB7FA /* SGSelectViewController.m */; };
		3EB3A4D71B0A2723002EB7FA /* SGDBViewController.m in Sources */ = {isa = PBXBuildFile; fileRef = 3EB3A4D61B0A2723002EB7FA /* SGDBViewController.m */; };
		3EB3A4D91B0A2CFA002EB7FA /* AVFoundation.framework in Frameworks */ = {isa = PBXBuildFile; fileRef = 3EB3A4D81B0A2CFA002EB7FA /* AVFoundation.framework */; };
		3EB8EFFD1B2A671200C53AF6 /* FRModel.m in Sources */ = {isa = PBXBuildFile; fileRef = 3EB8EFFC1B2A671200C53AF6 /* FRModel.m */; };
		3EB8F0001B2A671800C53AF6 /* FRNodeModel.m in Sources */ = {isa = PBXBuildFile; fileRef = 3EB8EFFF1B2A671800C53AF6 /* FRNodeModel.m */; };
		3EB8F0031B2A673600C53AF6 /* FRSettingManager.m in Sources */ = {isa = PBXBuildFile; fileRef = 3EB8F0021B2A673600C53AF6 /* FRSettingManager.m */; };
		3EB8F0081B2A678B00C53AF6 /* FRNodeTableViewCell.m in Sources */ = {isa = PBXBuildFile; fileRef = 3EB8F0061B2A678B00C53AF6 /* FRNodeTableViewCell.m */; };
		3EB8F0091B2A678B00C53AF6 /* FRNodeTableViewCell.xib in Resources */ = {isa = PBXBuildFile; fileRef = 3EB8F0071B2A678B00C53AF6 /* FRNodeTableViewCell.xib */; };
		3EB8F00E1B2A67E800C53AF6 /* FRScanViewController.m in Sources */ = {isa = PBXBuildFile; fileRef = 3EB8F00D1B2A67E800C53AF6 /* FRScanViewController.m */; };
		3EB8F0111B2A67EF00C53AF6 /* MasterViewController.m in Sources */ = {isa = PBXBuildFile; fileRef = 3EB8F0101B2A67EF00C53AF6 /* MasterViewController.m */; };
		3EB8F0141B2A67F600C53AF6 /* DetailViewController.m in Sources */ = {isa = PBXBuildFile; fileRef = 3EB8F0131B2A67F600C53AF6 /* DetailViewController.m */; };
		3EB8F0171B2A688C00C53AF6 /* FRSearchResultViewController.m in Sources */ = {isa = PBXBuildFile; fileRef = 3EB8F0161B2A688C00C53AF6 /* FRSearchResultViewController.m */; };
		3EB8F01A1B2A6A2E00C53AF6 /* FRSearchViewController.m in Sources */ = {isa = PBXBuildFile; fileRef = 3EB8F0191B2A6A2E00C53AF6 /* FRSearchViewController.m */; };
		3EB8F01D1B2AA92100C53AF6 /* SGBackViewController.m in Sources */ = {isa = PBXBuildFile; fileRef = 3EB8F01C1B2AA92100C53AF6 /* SGBackViewController.m */; };
		3EF914CF1AFDF16E00F823E7 /* SGUtility.m in Sources */ = {isa = PBXBuildFile; fileRef = 3EF914CC1AFDF16E00F823E7 /* SGUtility.m */; };
		3EF914D01AFDF16E00F823E7 /* SGAPPConfig.m in Sources */ = {isa = PBXBuildFile; fileRef = 3EF914CE1AFDF16E00F823E7 /* SGAPPConfig.m */; };
		3EF914DD1AFDF33D00F823E7 /* FMDatabase.m in Sources */ = {isa = PBXBuildFile; fileRef = 3EF914D41AFDF33D00F823E7 /* FMDatabase.m */; };
		3EF914DE1AFDF33D00F823E7 /* FMResultSet.m in Sources */ = {isa = PBXBuildFile; fileRef = 3EF914D61AFDF33D00F823E7 /* FMResultSet.m */; };
		3EF914DF1AFDF33D00F823E7 /* FMDatabaseQueue.m in Sources */ = {isa = PBXBuildFile; fileRef = 3EF914D81AFDF33D00F823E7 /* FMDatabaseQueue.m */; };
		3EF914E01AFDF33D00F823E7 /* FMDatabaseAdditions.m in Sources */ = {isa = PBXBuildFile; fileRef = 3EF914DA1AFDF33D00F823E7 /* FMDatabaseAdditions.m */; };
		3EF914E11AFDF33D00F823E7 /* FMDatabasePool.m in Sources */ = {isa = PBXBuildFile; fileRef = 3EF914DC1AFDF33D00F823E7 /* FMDatabasePool.m */; };
		3EF914E51AFDF35800F823E7 /* MBProgressHUD.m in Sources */ = {isa = PBXBuildFile; fileRef = 3EF914E41AFDF35800F823E7 /* MBProgressHUD.m */; };
		3EF914E81AFDF36200F823E7 /* SGDataBase.m in Sources */ = {isa = PBXBuildFile; fileRef = 3EF914E71AFDF36200F823E7 /* SGDataBase.m */; };
		3EF914EA1AFDF3A900F823E7 /* libsqlite3.dylib in Frameworks */ = {isa = PBXBuildFile; fileRef = 3EF914E91AFDF3A900F823E7 /* libsqlite3.dylib */; };
		3EF914EC1AFDF3B600F823E7 /* libxml2.dylib in Frameworks */ = {isa = PBXBuildFile; fileRef = 3EF914EB1AFDF3B600F823E7 /* libxml2.dylib */; };
		3EF914EE1AFDF3BD00F823E7 /* libxml2.2.dylib in Frameworks */ = {isa = PBXBuildFile; fileRef = 3EF914ED1AFDF3BD00F823E7 /* libxml2.2.dylib */; };
		3EF914F31AFDF91C00F823E7 /* SGBaseBussiness.m in Sources */ = {isa = PBXBuildFile; fileRef = 3EF914F01AFDF91C00F823E7 /* SGBaseBussiness.m */; };
		3EF914F41AFDF91C00F823E7 /* SGMainPageBussiness.m in Sources */ = {isa = PBXBuildFile; fileRef = 3EF914F21AFDF91C00F823E7 /* SGMainPageBussiness.m */; };
		3EF914F71AFDF99700F823E7 /* SGEntity.m in Sources */ = {isa = PBXBuildFile; fileRef = 3EF914F61AFDF99700F823E7 /* SGEntity.m */; };
		3EF914FD1AFE025C00F823E7 /* Localizable.strings in Resources */ = {isa = PBXBuildFile; fileRef = 3EF914FC1AFE025C00F823E7 /* Localizable.strings */; };
		3EF915011AFE052300F823E7 /* XMLReader.m in Sources */ = {isa = PBXBuildFile; fileRef = 3EF915001AFE052300F823E7 /* XMLReader.m */; };
/* End PBXBuildFile section */

/* Begin PBXContainerItemProxy section */
		3E1E44FB1AFB0BD8006DB63E /* PBXContainerItemProxy */ = {
			isa = PBXContainerItemProxy;
			containerPortal = 3E1E44D91AFB0BD8006DB63E /* Project object */;
			proxyType = 1;
			remoteGlobalIDString = 3E1E44E01AFB0BD8006DB63E;
			remoteInfo = SGClientForiPhone;
		};
/* End PBXContainerItemProxy section */

/* Begin PBXFileReference section */
		3E1E44E11AFB0BD8006DB63E /* SGClientForiPhone.app */ = {isa = PBXFileReference; explicitFileType = wrapper.application; includeInIndex = 0; path = SGClientForiPhone.app; sourceTree = BUILT_PRODUCTS_DIR; };
		3E1E44E51AFB0BD8006DB63E /* Info.plist */ = {isa = PBXFileReference; lastKnownFileType = text.plist.xml; path = Info.plist; sourceTree = "<group>"; };
		3E1E44E61AFB0BD8006DB63E /* main.m */ = {isa = PBXFileReference; lastKnownFileType = sourcecode.c.objc; path = main.m; sourceTree = "<group>"; };
		3E1E44E81AFB0BD8006DB63E /* AppDelegate.h */ = {isa = PBXFileReference; lastKnownFileType = sourcecode.c.h; path = AppDelegate.h; sourceTree = "<group>"; };
		3E1E44E91AFB0BD8006DB63E /* AppDelegate.m */ = {isa = PBXFileReference; lastKnownFileType = sourcecode.c.objc; path = AppDelegate.m; sourceTree = "<group>"; };
		3E1E44EB1AFB0BD8006DB63E /* ViewController.h */ = {isa = PBXFileReference; lastKnownFileType = sourcecode.c.h; path = ViewController.h; sourceTree = "<group>"; };
		3E1E44EC1AFB0BD8006DB63E /* ViewController.m */ = {isa = PBXFileReference; lastKnownFileType = sourcecode.c.objc; path = ViewController.m; sourceTree = "<group>"; };
		3E1E44EF1AFB0BD8006DB63E /* Base */ = {isa = PBXFileReference; lastKnownFileType = file.storyboard; name = Base; path = Base.lproj/Main.storyboard; sourceTree = "<group>"; };
		3E1E44F11AFB0BD8006DB63E /* Images.xcassets */ = {isa = PBXFileReference; lastKnownFileType = folder.assetcatalog; path = Images.xcassets; sourceTree = "<group>"; };
		3E1E44F41AFB0BD8006DB63E /* Base */ = {isa = PBXFileReference; lastKnownFileType = file.xib; name = Base; path = Base.lproj/LaunchScreen.xib; sourceTree = "<group>"; };
		3E1E44FA1AFB0BD8006DB63E /* SGClientForiPhoneTests.xctest */ = {isa = PBXFileReference; explicitFileType = wrapper.cfbundle; includeInIndex = 0; path = SGClientForiPhoneTests.xctest; sourceTree = BUILT_PRODUCTS_DIR; };
		3E1E44FF1AFB0BD8006DB63E /* Info.plist */ = {isa = PBXFileReference; lastKnownFileType = text.plist.xml; path = Info.plist; sourceTree = "<group>"; };
		3E1E45001AFB0BD8006DB63E /* SGClientForiPhoneTests.m */ = {isa = PBXFileReference; lastKnownFileType = sourcecode.c.objc; path = SGClientForiPhoneTests.m; sourceTree = "<group>"; };
		3E1E450E1AFB0C65006DB63E /* SGBaseViewController.h */ = {isa = PBXFileReference; fileEncoding = 4; lastKnownFileType = sourcecode.c.h; path = SGBaseViewController.h; sourceTree = "<group>"; };
		3E1E450F1AFB0C65006DB63E /* SGBaseViewController.m */ = {isa = PBXFileReference; fileEncoding = 4; lastKnownFileType = sourcecode.c.objc; path = SGBaseViewController.m; sourceTree = "<group>"; };
		3E1E45171AFB0D21006DB63E /* SGBaseDrawViewController.h */ = {isa = PBXFileReference; fileEncoding = 4; lastKnownFileType = sourcecode.c.h; path = SGBaseDrawViewController.h; sourceTree = "<group>"; };
		3E1E45181AFB0D21006DB63E /* SGBaseDrawViewController.m */ = {isa = PBXFileReference; fileEncoding = 4; lastKnownFileType = sourcecode.c.objc; path = SGBaseDrawViewController.m; sourceTree = "<group>"; };
		3E1E451A1AFB0D3D006DB63E /* SGCubicleViewController.h */ = {isa = PBXFileReference; fileEncoding = 4; lastKnownFileType = sourcecode.c.h; path = SGCubicleViewController.h; sourceTree = "<group>"; };
		3E1E451B1AFB0D3D006DB63E /* SGCubicleViewController.m */ = {isa = PBXFileReference; fileEncoding = 4; lastKnownFileType = sourcecode.c.objc; path = SGCubicleViewController.m; sourceTree = "<group>"; };
		3E1E451D1AFB0D54006DB63E /* SGScanViewController.h */ = {isa = PBXFileReference; fileEncoding = 4; lastKnownFileType = sourcecode.c.h; path = SGScanViewController.h; sourceTree = "<group>"; };
		3E1E451E1AFB0D54006DB63E /* SGScanViewController.m */ = {isa = PBXFileReference; fileEncoding = 4; lastKnownFileType = sourcecode.c.objc; path = SGScanViewController.m; sourceTree = "<group>"; };
		3E1E45201AFB0D5E006DB63E /* SGSettingViewController.h */ = {isa = PBXFileReference; fileEncoding = 4; lastKnownFileType = sourcecode.c.h; path = SGSettingViewController.h; sourceTree = "<group>"; };
		3E1E45211AFB0D5E006DB63E /* SGSettingViewController.m */ = {isa = PBXFileReference; fileEncoding = 4; lastKnownFileType = sourcecode.c.objc; path = SGSettingViewController.m; sourceTree = "<group>"; };
		3E1E45231AFB0E8B006DB63E /* SGMacro.h */ = {isa = PBXFileReference; fileEncoding = 4; lastKnownFileType = sourcecode.c.h; path = SGMacro.h; sourceTree = "<group>"; };
		3E1E45241AFB0EDA006DB63E /* SGHelper.h */ = {isa = PBXFileReference; fileEncoding = 4; lastKnownFileType = sourcecode.c.h; path = SGHelper.h; sourceTree = "<group>"; };
		3E1E45261AFB0F47006DB63E /* NSString+Category.h */ = {isa = PBXFileReference; fileEncoding = 4; lastKnownFileType = sourcecode.c.h; path = "NSString+Category.h"; sourceTree = "<group>"; };
		3E1E45271AFB0F47006DB63E /* NSString+Category.m */ = {isa = PBXFileReference; fileEncoding = 4; lastKnownFileType = sourcecode.c.objc; path = "NSString+Category.m"; sourceTree = "<group>"; };
		3E1E45281AFB0F47006DB63E /* UIImage+Category.h */ = {isa = PBXFileReference; fileEncoding = 4; lastKnownFileType = sourcecode.c.h; path = "UIImage+Category.h"; sourceTree = "<group>"; };
		3E1E45291AFB0F47006DB63E /* UIImage+Category.m */ = {isa = PBXFileReference; fileEncoding = 4; lastKnownFileType = sourcecode.c.objc; path = "UIImage+Category.m"; sourceTree = "<group>"; };
		3E1E452E1AFB0FD8006DB63E /* Lantinghei_0.ttf */ = {isa = PBXFileReference; lastKnownFileType = file; path = Lantinghei_0.ttf; sourceTree = "<group>"; };
		3E3F0A231B086C8700BF1EB9 /* SGRoomCell.h */ = {isa = PBXFileReference; fileEncoding = 4; lastKnownFileType = sourcecode.c.h; path = SGRoomCell.h; sourceTree = "<group>"; };
		3E3F0A241B086C8700BF1EB9 /* SGRoomCell.m */ = {isa = PBXFileReference; fileEncoding = 4; lastKnownFileType = sourcecode.c.objc; path = SGRoomCell.m; sourceTree = "<group>"; };
		3E3F0A251B086C8700BF1EB9 /* SGRoomCell.xib */ = {isa = PBXFileReference; fileEncoding = 4; lastKnownFileType = file.xib; path = SGRoomCell.xib; sourceTree = "<group>"; };
		3E3F0A2F1B08800100BF1EB9 /* ALView+PureLayout.h */ = {isa = PBXFileReference; fileEncoding = 4; lastKnownFileType = sourcecode.c.h; path = "ALView+PureLayout.h"; sourceTree = "<group>"; };
		3E3F0A301B08800100BF1EB9 /* ALView+PureLayout.m */ = {isa = PBXFileReference; fileEncoding = 4; lastKnownFileType = sourcecode.c.objc; path = "ALView+PureLayout.m"; sourceTree = "<group>"; };
		3E3F0A311B08800100BF1EB9 /* NSArray+PureLayout.h */ = {isa = PBXFileReference; fileEncoding = 4; lastKnownFileType = sourcecode.c.h; path = "NSArray+PureLayout.h"; sourceTree = "<group>"; };
		3E3F0A321B08800100BF1EB9 /* NSArray+PureLayout.m */ = {isa = PBXFileReference; fileEncoding = 4; lastKnownFileType = sourcecode.c.objc; path = "NSArray+PureLayout.m"; sourceTree = "<group>"; };
		3E3F0A331B08800100BF1EB9 /* NSLayoutConstraint+PureLayout.h */ = {isa = PBXFileReference; fileEncoding = 4; lastKnownFileType = sourcecode.c.h; path = "NSLayoutConstraint+PureLayout.h"; sourceTree = "<group>"; };
		3E3F0A341B08800100BF1EB9 /* NSLayoutConstraint+PureLayout.m */ = {isa = PBXFileReference; fileEncoding = 4; lastKnownFileType = sourcecode.c.objc; path = "NSLayoutConstraint+PureLayout.m"; sourceTree = "<group>"; };
		3E3F0A351B08800100BF1EB9 /* PureLayout.h */ = {isa = PBXFileReference; fileEncoding = 4; lastKnownFileType = sourcecode.c.h; path = PureLayout.h; sourceTree = "<group>"; };
		3E3F0A361B08800100BF1EB9 /* PureLayout+Internal.h */ = {isa = PBXFileReference; fileEncoding = 4; lastKnownFileType = sourcecode.c.h; path = "PureLayout+Internal.h"; sourceTree = "<group>"; };
		3E3F0A371B08800100BF1EB9 /* PureLayoutDefines.h */ = {isa = PBXFileReference; fileEncoding = 4; lastKnownFileType = sourcecode.c.h; path = PureLayoutDefines.h; sourceTree = "<group>"; };
		3E3F0A3D1B08915800BF1EB9 /* SGSectionHeaderView.h */ = {isa = PBXFileReference; fileEncoding = 4; lastKnownFileType = sourcecode.c.h; path = SGSectionHeaderView.h; sourceTree = "<group>"; };
		3E3F0A3E1B08915800BF1EB9 /* SGSectionHeaderView.m */ = {isa = PBXFileReference; fileEncoding = 4; lastKnownFileType = sourcecode.c.objc; path = SGSectionHeaderView.m; sourceTree = "<group>"; };
		3E3F0A3F1B08915800BF1EB9 /* SGSectionHeaderView.xib */ = {isa = PBXFileReference; fileEncoding = 4; lastKnownFileType = file.xib; path = SGSectionHeaderView.xib; sourceTree = "<group>"; };
		3E3F0A421B08934900BF1EB9 /* SGCableViewController.h */ = {isa = PBXFileReference; fileEncoding = 4; lastKnownFileType = sourcecode.c.h; path = SGCableViewController.h; sourceTree = "<group>"; };
		3E3F0A431B08934900BF1EB9 /* SGCableViewController.m */ = {isa = PBXFileReference; fileEncoding = 4; lastKnownFileType = sourcecode.c.objc; path = SGCableViewController.m; sourceTree = "<group>"; };
		3E3F0A461B08961B00BF1EB9 /* NJKScrollFullScreen.h */ = {isa = PBXFileReference; fileEncoding = 4; lastKnownFileType = sourcecode.c.h; path = NJKScrollFullScreen.h; sourceTree = "<group>"; };
		3E3F0A471B08961B00BF1EB9 /* NJKScrollFullScreen.m */ = {isa = PBXFileReference; fileEncoding = 4; lastKnownFileType = sourcecode.c.objc; path = NJKScrollFullScreen.m; sourceTree = "<group>"; };
		3E3F0A481B08961B00BF1EB9 /* UIViewController+NJKFullScreenSupport.h */ = {isa = PBXFileReference; fileEncoding = 4; lastKnownFileType = sourcecode.c.h; path = "UIViewController+NJKFullScreenSupport.h"; sourceTree = "<group>"; };
		3E3F0A491B08961B00BF1EB9 /* UIViewController+NJKFullScreenSupport.m */ = {isa = PBXFileReference; fileEncoding = 4; lastKnownFileType = sourcecode.c.objc; path = "UIViewController+NJKFullScreenSupport.m"; sourceTree = "<group>"; };
		3E3F0A4C1B08BA7700BF1EB9 /* SGGenerateCubicleSvg.h */ = {isa = PBXFileReference; fileEncoding = 4; lastKnownFileType = sourcecode.c.h; path = SGGenerateCubicleSvg.h; sourceTree = "<group>"; };
		3E3F0A4D1B08BA7700BF1EB9 /* SGGenerateCubicleSvg.m */ = {isa = PBXFileReference; fileEncoding = 4; lastKnownFileType = sourcecode.c.objc; path = SGGenerateCubicleSvg.m; sourceTree = "<group>"; };
		3E3F0A4F1B08BA8200BF1EB9 /* SGCablePageBussiness.h */ = {isa = PBXFileReference; fileEncoding = 4; lastKnownFileType = sourcecode.c.h; path = SGCablePageBussiness.h; sourceTree = "<group>"; };
		3E3F0A501B08BA8200BF1EB9 /* SGCablePageBussiness.m */ = {isa = PBXFileReference; fileEncoding = 4; lastKnownFileType = sourcecode.c.objc; path = SGCablePageBussiness.m; sourceTree = "<group>"; };
		3E3F0A521B08BA9C00BF1EB9 /* SGFiberPageBussiness.h */ = {isa = PBXFileReference; fileEncoding = 4; lastKnownFileType = sourcecode.c.h; path = SGFiberPageBussiness.h; sourceTree = "<group>"; };
		3E3F0A531B08BA9C00BF1EB9 /* SGFiberPageBussiness.m */ = {isa = PBXFileReference; fileEncoding = 4; lastKnownFileType = sourcecode.c.objc; path = SGFiberPageBussiness.m; sourceTree = "<group>"; };
		3E3F0A551B08C3AA00BF1EB9 /* SGFiberViewController.h */ = {isa = PBXFileReference; fileEncoding = 4; lastKnownFileType = sourcecode.c.h; path = SGFiberViewController.h; sourceTree = "<group>"; };
		3E3F0A561B08C3AA00BF1EB9 /* SGFiberViewController.m */ = {isa = PBXFileReference; fileEncoding = 4; lastKnownFileType = sourcecode.c.objc; path = SGFiberViewController.m; sourceTree = "<group>"; };
		3E42C4D11B1F3FCF00B340A8 /* 郁桥变标签.sqlite */ = {isa = PBXFileReference; lastKnownFileType = file; path = "郁桥变标签.sqlite"; sourceTree = "<group>"; };
		3E7774C01B09E47300ED6FE9 /* SGPortViewController.h */ = {isa = PBXFileReference; fileEncoding = 4; lastKnownFileType = sourcecode.c.h; path = SGPortViewController.h; sourceTree = "<group>"; };
		3E7774C11B09E47300ED6FE9 /* SGPortViewController.m */ = {isa = PBXFileReference; fileEncoding = 4; lastKnownFileType = sourcecode.c.objc; path = SGPortViewController.m; sourceTree = "<group>"; };
		3EA2C13B1B0B600200A2B191 /* SGScanContainerViewController.h */ = {isa = PBXFileReference; fileEncoding = 4; lastKnownFileType = sourcecode.c.h; path = SGScanContainerViewController.h; sourceTree = "<group>"; };
		3EA2C13C1B0B600200A2B191 /* SGScanContainerViewController.m */ = {isa = PBXFileReference; fileEncoding = 4; lastKnownFileType = sourcecode.c.objc; path = SGScanContainerViewController.m; sourceTree = "<group>"; };
		3EA2C13E1B0B7D7000A2B191 /* SGScanBussiness.h */ = {isa = PBXFileReference; fileEncoding = 4; lastKnownFileType = sourcecode.c.h; path = SGScanBussiness.h; sourceTree = "<group>"; };
		3EA2C13F1B0B7D7000A2B191 /* SGScanBussiness.m */ = {isa = PBXFileReference; fileEncoding = 4; lastKnownFileType = sourcecode.c.objc; path = SGScanBussiness.m; sourceTree = "<group>"; };
		3EB3A4CC1B0A19EC002EB7FA /* SGPortPageBussiness.h */ = {isa = PBXFileReference; fileEncoding = 4; lastKnownFileType = sourcecode.c.h; path = SGPortPageBussiness.h; sourceTree = "<group>"; };
		3EB3A4CD1B0A19EC002EB7FA /* SGPortPageBussiness.m */ = {isa = PBXFileReference; fileEncoding = 4; lastKnownFileType = sourcecode.c.objc; path = SGPortPageBussiness.m; sourceTree = "<group>"; };
		3EB3A4CE1B0A19EC002EB7FA /* SGPortPageDataModel.h */ = {isa = PBXFileReference; fileEncoding = 4; lastKnownFileType = sourcecode.c.h; path = SGPortPageDataModel.h; sourceTree = "<group>"; };
		3EB3A4CF1B0A19EC002EB7FA /* SGPortPageDataModel.m */ = {isa = PBXFileReference; fileEncoding = 4; lastKnownFileType = sourcecode.c.objc; path = SGPortPageDataModel.m; sourceTree = "<group>"; };
		3EB3A4D21B0A1A27002EB7FA /* SGSelectViewController.h */ = {isa = PBXFileReference; fileEncoding = 4; lastKnownFileType = sourcecode.c.h; path = SGSelectViewController.h; sourceTree = "<group>"; };
		3EB3A4D31B0A1A27002EB7FA /* SGSelectViewController.m */ = {isa = PBXFileReference; fileEncoding = 4; lastKnownFileType = sourcecode.c.objc; path = SGSelectViewController.m; sourceTree = "<group>"; };
		3EB3A4D51B0A2723002EB7FA /* SGDBViewController.h */ = {isa = PBXFileReference; fileEncoding = 4; lastKnownFileType = sourcecode.c.h; path = SGDBViewController.h; sourceTree = "<group>"; };
		3EB3A4D61B0A2723002EB7FA /* SGDBViewController.m */ = {isa = PBXFileReference; fileEncoding = 4; lastKnownFileType = sourcecode.c.objc; path = SGDBViewController.m; sourceTree = "<group>"; };
		3EB3A4D81B0A2CFA002EB7FA /* AVFoundation.framework */ = {isa = PBXFileReference; lastKnownFileType = wrapper.framework; name = AVFoundation.framework; path = System/Library/Frameworks/AVFoundation.framework; sourceTree = SDKROOT; };
		3EB8EFFB1B2A671200C53AF6 /* FRModel.h */ = {isa = PBXFileReference; fileEncoding = 4; lastKnownFileType = sourcecode.c.h; path = FRModel.h; sourceTree = "<group>"; };
		3EB8EFFC1B2A671200C53AF6 /* FRModel.m */ = {isa = PBXFileReference; fileEncoding = 4; lastKnownFileType = sourcecode.c.objc; path = FRModel.m; sourceTree = "<group>"; };
		3EB8EFFE1B2A671800C53AF6 /* FRNodeModel.h */ = {isa = PBXFileReference; fileEncoding = 4; lastKnownFileType = sourcecode.c.h; path = FRNodeModel.h; sourceTree = "<group>"; };
		3EB8EFFF1B2A671800C53AF6 /* FRNodeModel.m */ = {isa = PBXFileReference; fileEncoding = 4; lastKnownFileType = sourcecode.c.objc; path = FRNodeModel.m; sourceTree = "<group>"; };
		3EB8F0011B2A673600C53AF6 /* FRSettingManager.h */ = {isa = PBXFileReference; fileEncoding = 4; lastKnownFileType = sourcecode.c.h; path = FRSettingManager.h; sourceTree = "<group>"; };
		3EB8F0021B2A673600C53AF6 /* FRSettingManager.m */ = {isa = PBXFileReference; fileEncoding = 4; lastKnownFileType = sourcecode.c.objc; path = FRSettingManager.m; sourceTree = "<group>"; };
		3EB8F0051B2A678B00C53AF6 /* FRNodeTableViewCell.h */ = {isa = PBXFileReference; fileEncoding = 4; lastKnownFileType = sourcecode.c.h; path = FRNodeTableViewCell.h; sourceTree = "<group>"; };
		3EB8F0061B2A678B00C53AF6 /* FRNodeTableViewCell.m */ = {isa = PBXFileReference; fileEncoding = 4; lastKnownFileType = sourcecode.c.objc; path = FRNodeTableViewCell.m; sourceTree = "<group>"; };
		3EB8F0071B2A678B00C53AF6 /* FRNodeTableViewCell.xib */ = {isa = PBXFileReference; fileEncoding = 4; lastKnownFileType = file.xib; path = FRNodeTableViewCell.xib; sourceTree = "<group>"; };
		3EB8F00B1B2A67D700C53AF6 /* FRGCDSingleton.h */ = {isa = PBXFileReference; fileEncoding = 4; lastKnownFileType = sourcecode.c.h; path = FRGCDSingleton.h; sourceTree = "<group>"; };
		3EB8F00C1B2A67E800C53AF6 /* FRScanViewController.h */ = {isa = PBXFileReference; fileEncoding = 4; lastKnownFileType = sourcecode.c.h; path = FRScanViewController.h; sourceTree = "<group>"; };
		3EB8F00D1B2A67E800C53AF6 /* FRScanViewController.m */ = {isa = PBXFileReference; fileEncoding = 4; lastKnownFileType = sourcecode.c.objc; path = FRScanViewController.m; sourceTree = "<group>"; };
		3EB8F00F1B2A67EF00C53AF6 /* MasterViewController.h */ = {isa = PBXFileReference; fileEncoding = 4; lastKnownFileType = sourcecode.c.h; path = MasterViewController.h; sourceTree = "<group>"; };
		3EB8F0101B2A67EF00C53AF6 /* MasterViewController.m */ = {isa = PBXFileReference; fileEncoding = 4; lastKnownFileType = sourcecode.c.objc; path = MasterViewController.m; sourceTree = "<group>"; };
		3EB8F0121B2A67F600C53AF6 /* DetailViewController.h */ = {isa = PBXFileReference; fileEncoding = 4; lastKnownFileType = sourcecode.c.h; path = DetailViewController.h; sourceTree = "<group>"; };
		3EB8F0131B2A67F600C53AF6 /* DetailViewController.m */ = {isa = PBXFileReference; fileEncoding = 4; lastKnownFileType = sourcecode.c.objc; path = DetailViewController.m; sourceTree = "<group>"; };
		3EB8F0151B2A688C00C53AF6 /* FRSearchResultViewController.h */ = {isa = PBXFileReference; fileEncoding = 4; lastKnownFileType = sourcecode.c.h; path = FRSearchResultViewController.h; sourceTree = "<group>"; };
		3EB8F0161B2A688C00C53AF6 /* FRSearchResultViewController.m */ = {isa = PBXFileReference; fileEncoding = 4; lastKnownFileType = sourcecode.c.objc; path = FRSearchResultViewController.m; sourceTree = "<group>"; };
		3EB8F0181B2A6A2E00C53AF6 /* FRSearchViewController.h */ = {isa = PBXFileReference; fileEncoding = 4; lastKnownFileType = sourcecode.c.h; path = FRSearchViewController.h; sourceTree = "<group>"; };
		3EB8F0191B2A6A2E00C53AF6 /* FRSearchViewController.m */ = {isa = PBXFileReference; fileEncoding = 4; lastKnownFileType = sourcecode.c.objc; path = FRSearchViewController.m; sourceTree = "<group>"; };
		3EB8F01B1B2AA92100C53AF6 /* SGBackViewController.h */ = {isa = PBXFileReference; fileEncoding = 4; lastKnownFileType = sourcecode.c.h; path = SGBackViewController.h; sourceTree = "<group>"; };
		3EB8F01C1B2AA92100C53AF6 /* SGBackViewController.m */ = {isa = PBXFileReference; fileEncoding = 4; lastKnownFileType = sourcecode.c.objc; path = SGBackViewController.m; sourceTree = "<group>"; };
		3EF914CA1AFDF16E00F823E7 /* SGGCDSingleton.h */ = {isa = PBXFileReference; fileEncoding = 4; lastKnownFileType = sourcecode.c.h; path = SGGCDSingleton.h; sourceTree = "<group>"; };
		3EF914CB1AFDF16E00F823E7 /* SGUtility.h */ = {isa = PBXFileReference; fileEncoding = 4; lastKnownFileType = sourcecode.c.h; path = SGUtility.h; sourceTree = "<group>"; };
		3EF914CC1AFDF16E00F823E7 /* SGUtility.m */ = {isa = PBXFileReference; fileEncoding = 4; lastKnownFileType = sourcecode.c.objc; path = SGUtility.m; sourceTree = "<group>"; };
		3EF914CD1AFDF16E00F823E7 /* SGAPPConfig.h */ = {isa = PBXFileReference; fileEncoding = 4; lastKnownFileType = sourcecode.c.h; path = SGAPPConfig.h; sourceTree = "<group>"; };
		3EF914CE1AFDF16E00F823E7 /* SGAPPConfig.m */ = {isa = PBXFileReference; fileEncoding = 4; lastKnownFileType = sourcecode.c.objc; path = SGAPPConfig.m; sourceTree = "<group>"; };
		3EF914D21AFDF33D00F823E7 /* FMDB.h */ = {isa = PBXFileReference; fileEncoding = 4; lastKnownFileType = sourcecode.c.h; path = FMDB.h; sourceTree = "<group>"; };
		3EF914D31AFDF33D00F823E7 /* FMDatabase.h */ = {isa = PBXFileReference; fileEncoding = 4; lastKnownFileType = sourcecode.c.h; path = FMDatabase.h; sourceTree = "<group>"; };
		3EF914D41AFDF33D00F823E7 /* FMDatabase.m */ = {isa = PBXFileReference; fileEncoding = 4; lastKnownFileType = sourcecode.c.objc; path = FMDatabase.m; sourceTree = "<group>"; };
		3EF914D51AFDF33D00F823E7 /* FMResultSet.h */ = {isa = PBXFileReference; fileEncoding = 4; lastKnownFileType = sourcecode.c.h; path = FMResultSet.h; sourceTree = "<group>"; };
		3EF914D61AFDF33D00F823E7 /* FMResultSet.m */ = {isa = PBXFileReference; fileEncoding = 4; lastKnownFileType = sourcecode.c.objc; path = FMResultSet.m; sourceTree = "<group>"; };
		3EF914D71AFDF33D00F823E7 /* FMDatabaseQueue.h */ = {isa = PBXFileReference; fileEncoding = 4; lastKnownFileType = sourcecode.c.h; path = FMDatabaseQueue.h; sourceTree = "<group>"; };
		3EF914D81AFDF33D00F823E7 /* FMDatabaseQueue.m */ = {isa = PBXFileReference; fileEncoding = 4; lastKnownFileType = sourcecode.c.objc; path = FMDatabaseQueue.m; sourceTree = "<group>"; };
		3EF914D91AFDF33D00F823E7 /* FMDatabaseAdditions.h */ = {isa = PBXFileReference; fileEncoding = 4; lastKnownFileType = sourcecode.c.h; path = FMDatabaseAdditions.h; sourceTree = "<group>"; };
		3EF914DA1AFDF33D00F823E7 /* FMDatabaseAdditions.m */ = {isa = PBXFileReference; fileEncoding = 4; lastKnownFileType = sourcecode.c.objc; path = FMDatabaseAdditions.m; sourceTree = "<group>"; };
		3EF914DB1AFDF33D00F823E7 /* FMDatabasePool.h */ = {isa = PBXFileReference; fileEncoding = 4; lastKnownFileType = sourcecode.c.h; path = FMDatabasePool.h; sourceTree = "<group>"; };
		3EF914DC1AFDF33D00F823E7 /* FMDatabasePool.m */ = {isa = PBXFileReference; fileEncoding = 4; lastKnownFileType = sourcecode.c.objc; path = FMDatabasePool.m; sourceTree = "<group>"; };
		3EF914E31AFDF35800F823E7 /* MBProgressHUD.h */ = {isa = PBXFileReference; fileEncoding = 4; lastKnownFileType = sourcecode.c.h; path = MBProgressHUD.h; sourceTree = "<group>"; };
		3EF914E41AFDF35800F823E7 /* MBProgressHUD.m */ = {isa = PBXFileReference; fileEncoding = 4; lastKnownFileType = sourcecode.c.objc; path = MBProgressHUD.m; sourceTree = "<group>"; };
		3EF914E61AFDF36200F823E7 /* SGDataBase.h */ = {isa = PBXFileReference; fileEncoding = 4; lastKnownFileType = sourcecode.c.h; path = SGDataBase.h; sourceTree = "<group>"; };
		3EF914E71AFDF36200F823E7 /* SGDataBase.m */ = {isa = PBXFileReference; fileEncoding = 4; lastKnownFileType = sourcecode.c.objc; path = SGDataBase.m; sourceTree = "<group>"; };
		3EF914E91AFDF3A900F823E7 /* libsqlite3.dylib */ = {isa = PBXFileReference; lastKnownFileType = "compiled.mach-o.dylib"; name = libsqlite3.dylib; path = usr/lib/libsqlite3.dylib; sourceTree = SDKROOT; };
		3EF914EB1AFDF3B600F823E7 /* libxml2.dylib */ = {isa = PBXFileReference; lastKnownFileType = "compiled.mach-o.dylib"; name = libxml2.dylib; path = usr/lib/libxml2.dylib; sourceTree = SDKROOT; };
		3EF914ED1AFDF3BD00F823E7 /* libxml2.2.dylib */ = {isa = PBXFileReference; lastKnownFileType = "compiled.mach-o.dylib"; name = libxml2.2.dylib; path = usr/lib/libxml2.2.dylib; sourceTree = SDKROOT; };
		3EF914EF1AFDF91C00F823E7 /* SGBaseBussiness.h */ = {isa = PBXFileReference; fileEncoding = 4; lastKnownFileType = sourcecode.c.h; path = SGBaseBussiness.h; sourceTree = "<group>"; };
		3EF914F01AFDF91C00F823E7 /* SGBaseBussiness.m */ = {isa = PBXFileReference; fileEncoding = 4; lastKnownFileType = sourcecode.c.objc; path = SGBaseBussiness.m; sourceTree = "<group>"; };
		3EF914F11AFDF91C00F823E7 /* SGMainPageBussiness.h */ = {isa = PBXFileReference; fileEncoding = 4; lastKnownFileType = sourcecode.c.h; path = SGMainPageBussiness.h; sourceTree = "<group>"; };
		3EF914F21AFDF91C00F823E7 /* SGMainPageBussiness.m */ = {isa = PBXFileReference; fileEncoding = 4; lastKnownFileType = sourcecode.c.objc; path = SGMainPageBussiness.m; sourceTree = "<group>"; };
		3EF914F51AFDF99700F823E7 /* SGEntity.h */ = {isa = PBXFileReference; fileEncoding = 4; lastKnownFileType = sourcecode.c.h; path = SGEntity.h; sourceTree = "<group>"; };
		3EF914F61AFDF99700F823E7 /* SGEntity.m */ = {isa = PBXFileReference; fileEncoding = 4; lastKnownFileType = sourcecode.c.objc; path = SGEntity.m; sourceTree = "<group>"; };
		3EF914FC1AFE025C00F823E7 /* Localizable.strings */ = {isa = PBXFileReference; fileEncoding = 4; lastKnownFileType = text.plist.strings; path = Localizable.strings; sourceTree = "<group>"; };
		3EF914FF1AFE052300F823E7 /* XMLReader.h */ = {isa = PBXFileReference; fileEncoding = 4; lastKnownFileType = sourcecode.c.h; path = XMLReader.h; sourceTree = "<group>"; };
		3EF915001AFE052300F823E7 /* XMLReader.m */ = {isa = PBXFileReference; fileEncoding = 4; lastKnownFileType = sourcecode.c.objc; path = XMLReader.m; sourceTree = "<group>"; };
/* End PBXFileReference section */

/* Begin PBXFrameworksBuildPhase section */
		3E1E44DE1AFB0BD8006DB63E /* Frameworks */ = {
			isa = PBXFrameworksBuildPhase;
			buildActionMask = 2147483647;
			files = (
				3EB3A4D91B0A2CFA002EB7FA /* AVFoundation.framework in Frameworks */,
				3EF914EE1AFDF3BD00F823E7 /* libxml2.2.dylib in Frameworks */,
				3EF914EC1AFDF3B600F823E7 /* libxml2.dylib in Frameworks */,
				3EF914EA1AFDF3A900F823E7 /* libsqlite3.dylib in Frameworks */,
			);
			runOnlyForDeploymentPostprocessing = 0;
		};
		3E1E44F71AFB0BD8006DB63E /* Frameworks */ = {
			isa = PBXFrameworksBuildPhase;
			buildActionMask = 2147483647;
			files = (
			);
			runOnlyForDeploymentPostprocessing = 0;
		};
/* End PBXFrameworksBuildPhase section */

/* Begin PBXGroup section */
		3E1E44D81AFB0BD8006DB63E = {
			isa = PBXGroup;
			children = (
				3EB3A4D81B0A2CFA002EB7FA /* AVFoundation.framework */,
				3E1E44E31AFB0BD8006DB63E /* SGClientForiPhone */,
				3E1E44FD1AFB0BD8006DB63E /* SGClientForiPhoneTests */,
				3E1E44E21AFB0BD8006DB63E /* Products */,
			);
			sourceTree = "<group>";
		};
		3E1E44E21AFB0BD8006DB63E /* Products */ = {
			isa = PBXGroup;
			children = (
				3E1E44E11AFB0BD8006DB63E /* SGClientForiPhone.app */,
				3E1E44FA1AFB0BD8006DB63E /* SGClientForiPhoneTests.xctest */,
			);
			name = Products;
			sourceTree = "<group>";
		};
		3E1E44E31AFB0BD8006DB63E /* SGClientForiPhone */ = {
			isa = PBXGroup;
			children = (
				3E1E44E81AFB0BD8006DB63E /* AppDelegate.h */,
				3E1E44E91AFB0BD8006DB63E /* AppDelegate.m */,
				3EF914C41AFDE0D000F823E7 /* Utility */,
				3E1E45251AFB0F3D006DB63E /* Category */,
				3E1E450B1AFB0BE8006DB63E /* Model */,
				3E1E450A1AFB0BE1006DB63E /* View */,
				3E1E450C1AFB0BEE006DB63E /* ViewControllers */,
				3E1E452D1AFB0FCA006DB63E /* Resource */,
				3E1E452C1AFB0FC4006DB63E /* ThirdParty */,
				3E1E44EB1AFB0BD8006DB63E /* ViewController.h */,
				3E1E44EC1AFB0BD8006DB63E /* ViewController.m */,
				3E1E44EE1AFB0BD8006DB63E /* Main.storyboard */,
				3E1E44F11AFB0BD8006DB63E /* Images.xcassets */,
				3E1E44F31AFB0BD8006DB63E /* LaunchScreen.xib */,
				3E1E44E41AFB0BD8006DB63E /* Supporting Files */,
			);
			path = SGClientForiPhone;
			sourceTree = "<group>";
		};
		3E1E44E41AFB0BD8006DB63E /* Supporting Files */ = {
			isa = PBXGroup;
			children = (
				3EF914ED1AFDF3BD00F823E7 /* libxml2.2.dylib */,
				3EF914EB1AFDF3B600F823E7 /* libxml2.dylib */,
				3EF914E91AFDF3A900F823E7 /* libsqlite3.dylib */,
				3E1E44E51AFB0BD8006DB63E /* Info.plist */,
				3E1E44E61AFB0BD8006DB63E /* main.m */,
			);
			name = "Supporting Files";
			sourceTree = "<group>";
		};
		3E1E44FD1AFB0BD8006DB63E /* SGClientForiPhoneTests */ = {
			isa = PBXGroup;
			children = (
				3E1E45001AFB0BD8006DB63E /* SGClientForiPhoneTests.m */,
				3E1E44FE1AFB0BD8006DB63E /* Supporting Files */,
			);
			path = SGClientForiPhoneTests;
			sourceTree = "<group>";
		};
		3E1E44FE1AFB0BD8006DB63E /* Supporting Files */ = {
			isa = PBXGroup;
			children = (
				3E1E44FF1AFB0BD8006DB63E /* Info.plist */,
			);
			name = "Supporting Files";
			sourceTree = "<group>";
		};
		3E1E450A1AFB0BE1006DB63E /* View */ = {
			isa = PBXGroup;
			children = (
				3EB8F0041B2A677E00C53AF6 /* FileReader */,
				3E3F0A221B086C7100BF1EB9 /* Cubicle */,
			);
			name = View;
			sourceTree = "<group>";
		};
		3E1E450B1AFB0BE8006DB63E /* Model */ = {
			isa = PBXGroup;
			children = (
				3EF914E61AFDF36200F823E7 /* SGDataBase.h */,
				3EF914E71AFDF36200F823E7 /* SGDataBase.m */,
				3EF914F81AFDF9AA00F823E7 /* AppConfig */,
				3EF914F91AFDF9B800F823E7 /* Bussiness */,
				3EB8EFFA1B2A670200C53AF6 /* FileReader */,
			);
			name = Model;
			sourceTree = "<group>";
		};
		3E1E450C1AFB0BEE006DB63E /* ViewControllers */ = {
			isa = PBXGroup;
			children = (
				3EB8F00A1B2A67AB00C53AF6 /* FilerReader */,
				3E1E450D1AFB0C3D006DB63E /* Base */,
				3E1E45111AFB0C7D006DB63E /* Class_Cubicle */,
				3E1E45121AFB0C89006DB63E /* Class_Cable */,
				3E1E45131AFB0C90006DB63E /* Class_Fiber */,
				3E1E45141AFB0C98006DB63E /* Class_VPort */,
				3E1E45161AFB0CCB006DB63E /* Class_Scan */,
				3E1E45151AFB0CC2006DB63E /* Class_Setting */,
			);
			name = ViewControllers;
			sourceTree = "<group>";
		};
		3E1E450D1AFB0C3D006DB63E /* Base */ = {
			isa = PBXGroup;
			children = (
				3E1E450E1AFB0C65006DB63E /* SGBaseViewController.h */,
				3E1E450F1AFB0C65006DB63E /* SGBaseViewController.m */,
				3EB8F01B1B2AA92100C53AF6 /* SGBackViewController.h */,
				3EB8F01C1B2AA92100C53AF6 /* SGBackViewController.m */,
				3E1E45171AFB0D21006DB63E /* SGBaseDrawViewController.h */,
				3E1E45181AFB0D21006DB63E /* SGBaseDrawViewController.m */,
			);
			name = Base;
			sourceTree = "<group>";
		};
		3E1E45111AFB0C7D006DB63E /* Class_Cubicle */ = {
			isa = PBXGroup;
			children = (
				3E1E451A1AFB0D3D006DB63E /* SGCubicleViewController.h */,
				3E1E451B1AFB0D3D006DB63E /* SGCubicleViewController.m */,
			);
			name = Class_Cubicle;
			sourceTree = "<group>";
		};
		3E1E45121AFB0C89006DB63E /* Class_Cable */ = {
			isa = PBXGroup;
			children = (
				3E3F0A421B08934900BF1EB9 /* SGCableViewController.h */,
				3E3F0A431B08934900BF1EB9 /* SGCableViewController.m */,
			);
			name = Class_Cable;
			sourceTree = "<group>";
		};
		3E1E45131AFB0C90006DB63E /* Class_Fiber */ = {
			isa = PBXGroup;
			children = (
				3EB3A4D21B0A1A27002EB7FA /* SGSelectViewController.h */,
				3EB3A4D31B0A1A27002EB7FA /* SGSelectViewController.m */,
				3E3F0A551B08C3AA00BF1EB9 /* SGFiberViewController.h */,
				3E3F0A561B08C3AA00BF1EB9 /* SGFiberViewController.m */,
			);
			name = Class_Fiber;
			sourceTree = "<group>";
		};
		3E1E45141AFB0C98006DB63E /* Class_VPort */ = {
			isa = PBXGroup;
			children = (
				3E7774C01B09E47300ED6FE9 /* SGPortViewController.h */,
				3E7774C11B09E47300ED6FE9 /* SGPortViewController.m */,
			);
			name = Class_VPort;
			sourceTree = "<group>";
		};
		3E1E45151AFB0CC2006DB63E /* Class_Setting */ = {
			isa = PBXGroup;
			children = (
				3E1E45201AFB0D5E006DB63E /* SGSettingViewController.h */,
				3E1E45211AFB0D5E006DB63E /* SGSettingViewController.m */,
				3EB3A4D51B0A2723002EB7FA /* SGDBViewController.h */,
				3EB3A4D61B0A2723002EB7FA /* SGDBViewController.m */,
			);
			name = Class_Setting;
			sourceTree = "<group>";
		};
		3E1E45161AFB0CCB006DB63E /* Class_Scan */ = {
			isa = PBXGroup;
			children = (
				3EA2C13B1B0B600200A2B191 /* SGScanContainerViewController.h */,
				3EA2C13C1B0B600200A2B191 /* SGScanContainerViewController.m */,
				3E1E451D1AFB0D54006DB63E /* SGScanViewController.h */,
				3E1E451E1AFB0D54006DB63E /* SGScanViewController.m */,
			);
			name = Class_Scan;
			sourceTree = "<group>";
		};
		3E1E45251AFB0F3D006DB63E /* Category */ = {
			isa = PBXGroup;
			children = (
				3E1E45261AFB0F47006DB63E /* NSString+Category.h */,
				3E1E45271AFB0F47006DB63E /* NSString+Category.m */,
				3E1E45281AFB0F47006DB63E /* UIImage+Category.h */,
				3E1E45291AFB0F47006DB63E /* UIImage+Category.m */,
			);
			name = Category;
			sourceTree = "<group>";
		};
		3E1E452C1AFB0FC4006DB63E /* ThirdParty */ = {
			isa = PBXGroup;
			children = (
				3E3F0A451B08960C00BF1EB9 /* ScrollFullScreen */,
				3E3F0A2E1B087FCF00BF1EB9 /* PureLayout */,
				3EF914FE1AFE051700F823E7 /* XMLReader */,
				3EF914E21AFDF35200F823E7 /* HUD */,
				3EF914D11AFDF33400F823E7 /* FMDB */,
			);
			name = ThirdParty;
			sourceTree = "<group>";
		};
		3E1E452D1AFB0FCA006DB63E /* Resource */ = {
			isa = PBXGroup;
			children = (
				3E42C4D11B1F3FCF00B340A8 /* 郁桥变标签.sqlite */,
				3EF914FC1AFE025C00F823E7 /* Localizable.strings */,
				3E1E452E1AFB0FD8006DB63E /* Lantinghei_0.ttf */,
			);
			name = Resource;
			sourceTree = "<group>";
		};
		3E3F0A221B086C7100BF1EB9 /* Cubicle */ = {
			isa = PBXGroup;
			children = (
				3E3F0A231B086C8700BF1EB9 /* SGRoomCell.h */,
				3E3F0A241B086C8700BF1EB9 /* SGRoomCell.m */,
				3E3F0A251B086C8700BF1EB9 /* SGRoomCell.xib */,
				3E3F0A3D1B08915800BF1EB9 /* SGSectionHeaderView.h */,
				3E3F0A3E1B08915800BF1EB9 /* SGSectionHeaderView.m */,
				3E3F0A3F1B08915800BF1EB9 /* SGSectionHeaderView.xib */,
			);
			name = Cubicle;
			sourceTree = "<group>";
		};
		3E3F0A2E1B087FCF00BF1EB9 /* PureLayout */ = {
			isa = PBXGroup;
			children = (
				3E3F0A2F1B08800100BF1EB9 /* ALView+PureLayout.h */,
				3E3F0A301B08800100BF1EB9 /* ALView+PureLayout.m */,
				3E3F0A311B08800100BF1EB9 /* NSArray+PureLayout.h */,
				3E3F0A321B08800100BF1EB9 /* NSArray+PureLayout.m */,
				3E3F0A331B08800100BF1EB9 /* NSLayoutConstraint+PureLayout.h */,
				3E3F0A341B08800100BF1EB9 /* NSLayoutConstraint+PureLayout.m */,
				3E3F0A351B08800100BF1EB9 /* PureLayout.h */,
				3E3F0A361B08800100BF1EB9 /* PureLayout+Internal.h */,
				3E3F0A371B08800100BF1EB9 /* PureLayoutDefines.h */,
			);
			name = PureLayout;
			sourceTree = "<group>";
		};
		3E3F0A451B08960C00BF1EB9 /* ScrollFullScreen */ = {
			isa = PBXGroup;
			children = (
				3E3F0A461B08961B00BF1EB9 /* NJKScrollFullScreen.h */,
				3E3F0A471B08961B00BF1EB9 /* NJKScrollFullScreen.m */,
				3E3F0A481B08961B00BF1EB9 /* UIViewController+NJKFullScreenSupport.h */,
				3E3F0A491B08961B00BF1EB9 /* UIViewController+NJKFullScreenSupport.m */,
			);
			name = ScrollFullScreen;
			sourceTree = "<group>";
		};
		3EB8EFFA1B2A670200C53AF6 /* FileReader */ = {
			isa = PBXGroup;
			children = (
				3EB8F00B1B2A67D700C53AF6 /* FRGCDSingleton.h */,
				3EB8F0011B2A673600C53AF6 /* FRSettingManager.h */,
				3EB8F0021B2A673600C53AF6 /* FRSettingManager.m */,
				3EB8EFFB1B2A671200C53AF6 /* FRModel.h */,
				3EB8EFFC1B2A671200C53AF6 /* FRModel.m */,
				3EB8EFFE1B2A671800C53AF6 /* FRNodeModel.h */,
				3EB8EFFF1B2A671800C53AF6 /* FRNodeModel.m */,
			);
			name = FileReader;
			sourceTree = "<group>";
		};
		3EB8F0041B2A677E00C53AF6 /* FileReader */ = {
			isa = PBXGroup;
			children = (
				3EB8F0051B2A678B00C53AF6 /* FRNodeTableViewCell.h */,
				3EB8F0061B2A678B00C53AF6 /* FRNodeTableViewCell.m */,
				3EB8F0071B2A678B00C53AF6 /* FRNodeTableViewCell.xib */,
			);
			name = FileReader;
			sourceTree = "<group>";
		};
		3EB8F00A1B2A67AB00C53AF6 /* FilerReader */ = {
			isa = PBXGroup;
			children = (
				3EB8F0181B2A6A2E00C53AF6 /* FRSearchViewController.h */,
				3EB8F0191B2A6A2E00C53AF6 /* FRSearchViewController.m */,
				3EB8F0151B2A688C00C53AF6 /* FRSearchResultViewController.h */,
				3EB8F0161B2A688C00C53AF6 /* FRSearchResultViewController.m */,
				3EB8F00C1B2A67E800C53AF6 /* FRScanViewController.h */,
				3EB8F00D1B2A67E800C53AF6 /* FRScanViewController.m */,
				3EB8F00F1B2A67EF00C53AF6 /* MasterViewController.h */,
				3EB8F0101B2A67EF00C53AF6 /* MasterViewController.m */,
				3EB8F0121B2A67F600C53AF6 /* DetailViewController.h */,
				3EB8F0131B2A67F600C53AF6 /* DetailViewController.m */,
			);
			name = FilerReader;
			sourceTree = "<group>";
		};
		3EF914C41AFDE0D000F823E7 /* Utility */ = {
			isa = PBXGroup;
			children = (
				3EF914CB1AFDF16E00F823E7 /* SGUtility.h */,
				3EF914CC1AFDF16E00F823E7 /* SGUtility.m */,
				3EF914CA1AFDF16E00F823E7 /* SGGCDSingleton.h */,
				3E1E45231AFB0E8B006DB63E /* SGMacro.h */,
				3E1E45241AFB0EDA006DB63E /* SGHelper.h */,
			);
			name = Utility;
			sourceTree = "<group>";
		};
		3EF914D11AFDF33400F823E7 /* FMDB */ = {
			isa = PBXGroup;
			children = (
				3EF914D21AFDF33D00F823E7 /* FMDB.h */,
				3EF914D31AFDF33D00F823E7 /* FMDatabase.h */,
				3EF914D41AFDF33D00F823E7 /* FMDatabase.m */,
				3EF914D51AFDF33D00F823E7 /* FMResultSet.h */,
				3EF914D61AFDF33D00F823E7 /* FMResultSet.m */,
				3EF914D71AFDF33D00F823E7 /* FMDatabaseQueue.h */,
				3EF914D81AFDF33D00F823E7 /* FMDatabaseQueue.m */,
				3EF914D91AFDF33D00F823E7 /* FMDatabaseAdditions.h */,
				3EF914DA1AFDF33D00F823E7 /* FMDatabaseAdditions.m */,
				3EF914DB1AFDF33D00F823E7 /* FMDatabasePool.h */,
				3EF914DC1AFDF33D00F823E7 /* FMDatabasePool.m */,
			);
			name = FMDB;
			sourceTree = "<group>";
		};
		3EF914E21AFDF35200F823E7 /* HUD */ = {
			isa = PBXGroup;
			children = (
				3EF914E31AFDF35800F823E7 /* MBProgressHUD.h */,
				3EF914E41AFDF35800F823E7 /* MBProgressHUD.m */,
			);
			name = HUD;
			sourceTree = "<group>";
		};
		3EF914F81AFDF9AA00F823E7 /* AppConfig */ = {
			isa = PBXGroup;
			children = (
				3EF914CD1AFDF16E00F823E7 /* SGAPPConfig.h */,
				3EF914CE1AFDF16E00F823E7 /* SGAPPConfig.m */,
			);
			name = AppConfig;
			sourceTree = "<group>";
		};
		3EF914F91AFDF9B800F823E7 /* Bussiness */ = {
			isa = PBXGroup;
			children = (
				3EF914F51AFDF99700F823E7 /* SGEntity.h */,
				3EF914F61AFDF99700F823E7 /* SGEntity.m */,
				3EF914EF1AFDF91C00F823E7 /* SGBaseBussiness.h */,
				3EF914F01AFDF91C00F823E7 /* SGBaseBussiness.m */,
				3EF914F11AFDF91C00F823E7 /* SGMainPageBussiness.h */,
				3EF914F21AFDF91C00F823E7 /* SGMainPageBussiness.m */,
				3E3F0A4F1B08BA8200BF1EB9 /* SGCablePageBussiness.h */,
				3E3F0A501B08BA8200BF1EB9 /* SGCablePageBussiness.m */,
				3E3F0A521B08BA9C00BF1EB9 /* SGFiberPageBussiness.h */,
				3E3F0A531B08BA9C00BF1EB9 /* SGFiberPageBussiness.m */,
				3E3F0A4C1B08BA7700BF1EB9 /* SGGenerateCubicleSvg.h */,
				3E3F0A4D1B08BA7700BF1EB9 /* SGGenerateCubicleSvg.m */,
				3EB3A4CC1B0A19EC002EB7FA /* SGPortPageBussiness.h */,
				3EB3A4CD1B0A19EC002EB7FA /* SGPortPageBussiness.m */,
				3EB3A4CE1B0A19EC002EB7FA /* SGPortPageDataModel.h */,
				3EB3A4CF1B0A19EC002EB7FA /* SGPortPageDataModel.m */,
				3EA2C13E1B0B7D7000A2B191 /* SGScanBussiness.h */,
				3EA2C13F1B0B7D7000A2B191 /* SGScanBussiness.m */,
			);
			name = Bussiness;
			sourceTree = "<group>";
		};
		3EF914FE1AFE051700F823E7 /* XMLReader */ = {
			isa = PBXGroup;
			children = (
				3EF914FF1AFE052300F823E7 /* XMLReader.h */,
				3EF915001AFE052300F823E7 /* XMLReader.m */,
			);
			name = XMLReader;
			sourceTree = "<group>";
		};
/* End PBXGroup section */

/* Begin PBXNativeTarget section */
		3E1E44E01AFB0BD8006DB63E /* SGClientForiPhone */ = {
			isa = PBXNativeTarget;
			buildConfigurationList = 3E1E45041AFB0BD8006DB63E /* Build configuration list for PBXNativeTarget "SGClientForiPhone" */;
			buildPhases = (
				3E1E44DD1AFB0BD8006DB63E /* Sources */,
				3E1E44DE1AFB0BD8006DB63E /* Frameworks */,
				3E1E44DF1AFB0BD8006DB63E /* Resources */,
			);
			buildRules = (
			);
			dependencies = (
			);
			name = SGClientForiPhone;
			productName = SGClientForiPhone;
			productReference = 3E1E44E11AFB0BD8006DB63E /* SGClientForiPhone.app */;
			productType = "com.apple.product-type.application";
		};
		3E1E44F91AFB0BD8006DB63E /* SGClientForiPhoneTests */ = {
			isa = PBXNativeTarget;
			buildConfigurationList = 3E1E45071AFB0BD8006DB63E /* Build configuration list for PBXNativeTarget "SGClientForiPhoneTests" */;
			buildPhases = (
				3E1E44F61AFB0BD8006DB63E /* Sources */,
				3E1E44F71AFB0BD8006DB63E /* Frameworks */,
				3E1E44F81AFB0BD8006DB63E /* Resources */,
			);
			buildRules = (
			);
			dependencies = (
				3E1E44FC1AFB0BD8006DB63E /* PBXTargetDependency */,
			);
			name = SGClientForiPhoneTests;
			productName = SGClientForiPhoneTests;
			productReference = 3E1E44FA1AFB0BD8006DB63E /* SGClientForiPhoneTests.xctest */;
			productType = "com.apple.product-type.bundle.unit-test";
		};
/* End PBXNativeTarget section */

/* Begin PBXProject section */
		3E1E44D91AFB0BD8006DB63E /* Project object */ = {
			isa = PBXProject;
			attributes = {
				LastUpgradeCheck = 0620;
				ORGANIZATIONNAME = yangbs;
				TargetAttributes = {
					3E1E44E01AFB0BD8006DB63E = {
						CreatedOnToolsVersion = 6.2;
						DevelopmentTeam = W2S49VS6FE;
					};
					3E1E44F91AFB0BD8006DB63E = {
						CreatedOnToolsVersion = 6.2;
						TestTargetID = 3E1E44E01AFB0BD8006DB63E;
					};
				};
			};
			buildConfigurationList = 3E1E44DC1AFB0BD8006DB63E /* Build configuration list for PBXProject "SGClientForiPhone" */;
			compatibilityVersion = "Xcode 3.2";
			developmentRegion = English;
			hasScannedForEncodings = 0;
			knownRegions = (
				en,
				Base,
			);
			mainGroup = 3E1E44D81AFB0BD8006DB63E;
			productRefGroup = 3E1E44E21AFB0BD8006DB63E /* Products */;
			projectDirPath = "";
			projectRoot = "";
			targets = (
				3E1E44E01AFB0BD8006DB63E /* SGClientForiPhone */,
				3E1E44F91AFB0BD8006DB63E /* SGClientForiPhoneTests */,
			);
		};
/* End PBXProject section */

/* Begin PBXResourcesBuildPhase section */
		3E1E44DF1AFB0BD8006DB63E /* Resources */ = {
			isa = PBXResourcesBuildPhase;
			buildActionMask = 2147483647;
			files = (
				3EF914FD1AFE025C00F823E7 /* Localizable.strings in Resources */,
				3E3F0A2B1B086C8700BF1EB9 /* SGRoomCell.xib in Resources */,
				3E3F0A411B08915800BF1EB9 /* SGSectionHeaderView.xib in Resources */,
				3E42C4D21B1F3FCF00B340A8 /* 郁桥变标签.sqlite in Resources */,
				3E1E44F01AFB0BD8006DB63E /* Main.storyboard in Resources */,
				3E1E44F51AFB0BD8006DB63E /* LaunchScreen.xib in Resources */,
				3E1E452F1AFB0FD8006DB63E /* Lantinghei_0.ttf in Resources */,
				3E1E44F21AFB0BD8006DB63E /* Images.xcassets in Resources */,
				3EB8F0091B2A678B00C53AF6 /* FRNodeTableViewCell.xib in Resources */,
			);
			runOnlyForDeploymentPostprocessing = 0;
		};
		3E1E44F81AFB0BD8006DB63E /* Resources */ = {
			isa = PBXResourcesBuildPhase;
			buildActionMask = 2147483647;
			files = (
			);
			runOnlyForDeploymentPostprocessing = 0;
		};
/* End PBXResourcesBuildPhase section */

/* Begin PBXSourcesBuildPhase section */
		3E1E44DD1AFB0BD8006DB63E /* Sources */ = {
			isa = PBXSourcesBuildPhase;
			buildActionMask = 2147483647;
			files = (
				3E1E44ED1AFB0BD8006DB63E /* ViewController.m in Sources */,
				3EB3A4D11B0A19EC002EB7FA /* SGPortPageDataModel.m in Sources */,
				3EB3A4D01B0A19EC002EB7FA /* SGPortPageBussiness.m in Sources */,
				3E1E45101AFB0C65006DB63E /* SGBaseViewController.m in Sources */,
				3EB8F0031B2A673600C53AF6 /* FRSettingManager.m in Sources */,
				3E3F0A441B08934900BF1EB9 /* SGCableViewController.m in Sources */,
				3EB8F0141B2A67F600C53AF6 /* DetailViewController.m in Sources */,
				3E3F0A381B08800100BF1EB9 /* ALView+PureLayout.m in Sources */,
				3EF914DE1AFDF33D00F823E7 /* FMResultSet.m in Sources */,
				3EF914E81AFDF36200F823E7 /* SGDataBase.m in Sources */,
				3EF914F41AFDF91C00F823E7 /* SGMainPageBussiness.m in Sources */,
				3E3F0A511B08BA8200BF1EB9 /* SGCablePageBussiness.m in Sources */,
				3EF914DD1AFDF33D00F823E7 /* FMDatabase.m in Sources */,
				3EF914F71AFDF99700F823E7 /* SGEntity.m in Sources */,
				3EA2C1401B0B7D7000A2B191 /* SGScanBussiness.m in Sources */,
				3E3F0A4B1B08961B00BF1EB9 /* UIViewController+NJKFullScreenSupport.m in Sources */,
				3E1E44EA1AFB0BD8006DB63E /* AppDelegate.m in Sources */,
				3EB3A4D71B0A2723002EB7FA /* SGDBViewController.m in Sources */,
				3EF914DF1AFDF33D00F823E7 /* FMDatabaseQueue.m in Sources */,
				3E1E45221AFB0D5E006DB63E /* SGSettingViewController.m in Sources */,
				3EF914E01AFDF33D00F823E7 /* FMDatabaseAdditions.m in Sources */,
				3EB8F0171B2A688C00C53AF6 /* FRSearchResultViewController.m in Sources */,
				3EB3A4D41B0A1A27002EB7FA /* SGSelectViewController.m in Sources */,
				3EB8F00E1B2A67E800C53AF6 /* FRScanViewController.m in Sources */,
				3E7774C21B09E47300ED6FE9 /* SGPortViewController.m in Sources */,
				3E1E45191AFB0D21006DB63E /* SGBaseDrawViewController.m in Sources */,
				3EB8F0081B2A678B00C53AF6 /* FRNodeTableViewCell.m in Sources */,
				3E1E452B1AFB0F47006DB63E /* UIImage+Category.m in Sources */,
				3E1E452A1AFB0F47006DB63E /* NSString+Category.m in Sources */,
				3E3F0A2A1B086C8700BF1EB9 /* SGRoomCell.m in Sources */,
				3EB8F0111B2A67EF00C53AF6 /* MasterViewController.m in Sources */,
				3EF915011AFE052300F823E7 /* XMLReader.m in Sources */,
				3E3F0A401B08915800BF1EB9 /* SGSectionHeaderView.m in Sources */,
				3EB8F0001B2A671800C53AF6 /* FRNodeModel.m in Sources */,
				3EA2C13D1B0B600200A2B191 /* SGScanContainerViewController.m in Sources */,
				3EB8EFFD1B2A671200C53AF6 /* FRModel.m in Sources */,
				3EF914D01AFDF16E00F823E7 /* SGAPPConfig.m in Sources */,
				3EF914CF1AFDF16E00F823E7 /* SGUtility.m in Sources */,
				3EF914E51AFDF35800F823E7 /* MBProgressHUD.m in Sources */,
				3E1E451C1AFB0D3D006DB63E /* SGCubicleViewController.m in Sources */,
				3EF914F31AFDF91C00F823E7 /* SGBaseBussiness.m in Sources */,
				3EB8F01A1B2A6A2E00C53AF6 /* FRSearchViewController.m in Sources */,
				3E3F0A3A1B08800100BF1EB9 /* NSLayoutConstraint+PureLayout.m in Sources */,
				3EB8F01D1B2AA92100C53AF6 /* SGBackViewController.m in Sources */,
				3E3F0A571B08C3AA00BF1EB9 /* SGFiberViewController.m in Sources */,
				3E3F0A541B08BA9C00BF1EB9 /* SGFiberPageBussiness.m in Sources */,
				3E3F0A391B08800100BF1EB9 /* NSArray+PureLayout.m in Sources */,
				3E1E44E71AFB0BD8006DB63E /* main.m in Sources */,
				3E3F0A4A1B08961B00BF1EB9 /* NJKScrollFullScreen.m in Sources */,
				3E3F0A4E1B08BA7700BF1EB9 /* SGGenerateCubicleSvg.m in Sources */,
				3E1E451F1AFB0D54006DB63E /* SGScanViewController.m in Sources */,
				3EF914E11AFDF33D00F823E7 /* FMDatabasePool.m in Sources */,
			);
			runOnlyForDeploymentPostprocessing = 0;
		};
		3E1E44F61AFB0BD8006DB63E /* Sources */ = {
			isa = PBXSourcesBuildPhase;
			buildActionMask = 2147483647;
			files = (
				3E1E45011AFB0BD8006DB63E /* SGClientForiPhoneTests.m in Sources */,
			);
			runOnlyForDeploymentPostprocessing = 0;
		};
/* End PBXSourcesBuildPhase section */

/* Begin PBXTargetDependency section */
		3E1E44FC1AFB0BD8006DB63E /* PBXTargetDependency */ = {
			isa = PBXTargetDependency;
			target = 3E1E44E01AFB0BD8006DB63E /* SGClientForiPhone */;
			targetProxy = 3E1E44FB1AFB0BD8006DB63E /* PBXContainerItemProxy */;
		};
/* End PBXTargetDependency section */

/* Begin PBXVariantGroup section */
		3E1E44EE1AFB0BD8006DB63E /* Main.storyboard */ = {
			isa = PBXVariantGroup;
			children = (
				3E1E44EF1AFB0BD8006DB63E /* Base */,
			);
			name = Main.storyboard;
			sourceTree = "<group>";
		};
		3E1E44F31AFB0BD8006DB63E /* LaunchScreen.xib */ = {
			isa = PBXVariantGroup;
			children = (
				3E1E44F41AFB0BD8006DB63E /* Base */,
			);
			name = LaunchScreen.xib;
			sourceTree = "<group>";
		};
/* End PBXVariantGroup section */

/* Begin XCBuildConfiguration section */
		3E1E45021AFB0BD8006DB63E /* Debug */ = {
			isa = XCBuildConfiguration;
			buildSettings = {
				ALWAYS_SEARCH_USER_PATHS = NO;
				CLANG_CXX_LANGUAGE_STANDARD = "gnu++0x";
				CLANG_CXX_LIBRARY = "libc++";
				CLANG_ENABLE_MODULES = YES;
				CLANG_ENABLE_OBJC_ARC = YES;
				CLANG_WARN_BOOL_CONVERSION = YES;
				CLANG_WARN_CONSTANT_CONVERSION = YES;
				CLANG_WARN_DIRECT_OBJC_ISA_USAGE = YES_ERROR;
				CLANG_WARN_EMPTY_BODY = YES;
				CLANG_WARN_ENUM_CONVERSION = YES;
				CLANG_WARN_INT_CONVERSION = YES;
				CLANG_WARN_OBJC_ROOT_CLASS = YES_ERROR;
				CLANG_WARN_UNREACHABLE_CODE = YES;
				CLANG_WARN__DUPLICATE_METHOD_MATCH = YES;
				"CODE_SIGN_IDENTITY[sdk=iphoneos*]" = "iPhone Developer";
				COPY_PHASE_STRIP = NO;
				ENABLE_STRICT_OBJC_MSGSEND = YES;
				GCC_C_LANGUAGE_STANDARD = gnu99;
				GCC_DYNAMIC_NO_PIC = NO;
				GCC_OPTIMIZATION_LEVEL = 0;
				GCC_PREPROCESSOR_DEFINITIONS = (
					"DEBUG=1",
					"$(inherited)",
				);
				GCC_SYMBOLS_PRIVATE_EXTERN = NO;
				GCC_WARN_64_TO_32_BIT_CONVERSION = YES;
				GCC_WARN_ABOUT_RETURN_TYPE = YES_ERROR;
				GCC_WARN_UNDECLARED_SELECTOR = YES;
				GCC_WARN_UNINITIALIZED_AUTOS = YES_AGGRESSIVE;
				GCC_WARN_UNUSED_FUNCTION = YES;
				GCC_WARN_UNUSED_VARIABLE = YES;
				IPHONEOS_DEPLOYMENT_TARGET = 8.2;
				MTL_ENABLE_DEBUG_INFO = YES;
				ONLY_ACTIVE_ARCH = YES;
				SDKROOT = iphoneos;
			};
			name = Debug;
		};
		3E1E45031AFB0BD8006DB63E /* Release */ = {
			isa = XCBuildConfiguration;
			buildSettings = {
				ALWAYS_SEARCH_USER_PATHS = NO;
				CLANG_CXX_LANGUAGE_STANDARD = "gnu++0x";
				CLANG_CXX_LIBRARY = "libc++";
				CLANG_ENABLE_MODULES = YES;
				CLANG_ENABLE_OBJC_ARC = YES;
				CLANG_WARN_BOOL_CONVERSION = YES;
				CLANG_WARN_CONSTANT_CONVERSION = YES;
				CLANG_WARN_DIRECT_OBJC_ISA_USAGE = YES_ERROR;
				CLANG_WARN_EMPTY_BODY = YES;
				CLANG_WARN_ENUM_CONVERSION = YES;
				CLANG_WARN_INT_CONVERSION = YES;
				CLANG_WARN_OBJC_ROOT_CLASS = YES_ERROR;
				CLANG_WARN_UNREACHABLE_CODE = YES;
				CLANG_WARN__DUPLICATE_METHOD_MATCH = YES;
				"CODE_SIGN_IDENTITY[sdk=iphoneos*]" = "iPhone Developer";
				COPY_PHASE_STRIP = NO;
				ENABLE_NS_ASSERTIONS = NO;
				ENABLE_STRICT_OBJC_MSGSEND = YES;
				GCC_C_LANGUAGE_STANDARD = gnu99;
				GCC_WARN_64_TO_32_BIT_CONVERSION = YES;
				GCC_WARN_ABOUT_RETURN_TYPE = YES_ERROR;
				GCC_WARN_UNDECLARED_SELECTOR = YES;
				GCC_WARN_UNINITIALIZED_AUTOS = YES_AGGRESSIVE;
				GCC_WARN_UNUSED_FUNCTION = YES;
				GCC_WARN_UNUSED_VARIABLE = YES;
				IPHONEOS_DEPLOYMENT_TARGET = 8.2;
				MTL_ENABLE_DEBUG_INFO = NO;
				SDKROOT = iphoneos;
				VALIDATE_PRODUCT = YES;
			};
			name = Release;
		};
		3E1E45051AFB0BD8006DB63E /* Debug */ = {
			isa = XCBuildConfiguration;
			buildSettings = {
				ASSETCATALOG_COMPILER_APPICON_NAME = AppIcon;
				CODE_SIGN_IDENTITY = "iPhone Developer: Yang Han (7T2BFNJ439)";
				"CODE_SIGN_IDENTITY[sdk=iphoneos*]" = "iPhone Developer: Yang Han (7T2BFNJ439)";
				INFOPLIST_FILE = SGClientForiPhone/Info.plist;
				IPHONEOS_DEPLOYMENT_TARGET = 7.0;
				LD_RUNPATH_SEARCH_PATHS = "$(inherited) @executable_path/Frameworks";
				PRODUCT_NAME = "$(TARGET_NAME)";
				PROVISIONING_PROFILE = "2170ca0b-3c29-4ed8-b4c7-b6c802efffb2";
			};
			name = Debug;
		};
		3E1E45061AFB0BD8006DB63E /* Release */ = {
			isa = XCBuildConfiguration;
			buildSettings = {
				ASSETCATALOG_COMPILER_APPICON_NAME = AppIcon;
				CODE_SIGN_IDENTITY = "iPhone Developer: Yang Han (7T2BFNJ439)";
				"CODE_SIGN_IDENTITY[sdk=iphoneos*]" = "iPhone Developer: Yang Han (7T2BFNJ439)";
				INFOPLIST_FILE = SGClientForiPhone/Info.plist;
				IPHONEOS_DEPLOYMENT_TARGET = 7.0;
				LD_RUNPATH_SEARCH_PATHS = "$(inherited) @executable_path/Frameworks";
				PRODUCT_NAME = "$(TARGET_NAME)";
				PROVISIONING_PROFILE = "2170ca0b-3c29-4ed8-b4c7-b6c802efffb2";
			};
			name = Release;
		};
		3E1E45081AFB0BD8006DB63E /* Debug */ = {
			isa = XCBuildConfiguration;
			buildSettings = {
				BUNDLE_LOADER = "$(TEST_HOST)";
				FRAMEWORK_SEARCH_PATHS = (
					"$(SDKROOT)/Developer/Library/Frameworks",
					"$(inherited)",
				);
				GCC_PREPROCESSOR_DEFINITIONS = (
					"DEBUG=1",
					"$(inherited)",
				);
				INFOPLIST_FILE = SGClientForiPhoneTests/Info.plist;
				LD_RUNPATH_SEARCH_PATHS = "$(inherited) @executable_path/Frameworks @loader_path/Frameworks";
				PRODUCT_NAME = "$(TARGET_NAME)";
				TEST_HOST = "$(BUILT_PRODUCTS_DIR)/SGClientForiPhone.app/SGClientForiPhone";
			};
			name = Debug;
		};
		3E1E45091AFB0BD8006DB63E /* Release */ = {
			isa = XCBuildConfiguration;
			buildSettings = {
				BUNDLE_LOADER = "$(TEST_HOST)";
				FRAMEWORK_SEARCH_PATHS = (
					"$(SDKROOT)/Developer/Library/Frameworks",
					"$(inherited)",
				);
				INFOPLIST_FILE = SGClientForiPhoneTests/Info.plist;
				LD_RUNPATH_SEARCH_PATHS = "$(inherited) @executable_path/Frameworks @loader_path/Frameworks";
				PRODUCT_NAME = "$(TARGET_NAME)";
				TEST_HOST = "$(BUILT_PRODUCTS_DIR)/SGClientForiPhone.app/SGClientForiPhone";
			};
			name = Release;
		};
/* End XCBuildConfiguration section */

/* Begin XCConfigurationList section */
		3E1E44DC1AFB0BD8006DB63E /* Build configuration list for PBXProject "SGClientForiPhone" */ = {
			isa = XCConfigurationList;
			buildConfigurations = (
				3E1E45021AFB0BD8006DB63E /* Debug */,
				3E1E45031AFB0BD8006DB63E /* Release */,
			);
			defaultConfigurationIsVisible = 0;
			defaultConfigurationName = Release;
		};
		3E1E45041AFB0BD8006DB63E /* Build configuration list for PBXNativeTarget "SGClientForiPhone" */ = {
			isa = XCConfigurationList;
			buildConfigurations = (
				3E1E45051AFB0BD8006DB63E /* Debug */,
				3E1E45061AFB0BD8006DB63E /* Release */,
			);
			defaultConfigurationIsVisible = 0;
			defaultConfigurationName = Release;
		};
		3E1E45071AFB0BD8006DB63E /* Build configuration list for PBXNativeTarget "SGClientForiPhoneTests" */ = {
			isa = XCConfigurationList;
			buildConfigurations = (
				3E1E45081AFB0BD8006DB63E /* Debug */,
				3E1E45091AFB0BD8006DB63E /* Release */,
			);
			defaultConfigurationIsVisible = 0;
			defaultConfigurationName = Release;
		};
/* End XCConfigurationList section */
	};
	rootObject = 3E1E44D91AFB0BD8006DB63E /* Project object */;
}
